[root]
name = "rusty_boy"
version = "0.0.1"
dependencies = [
 "bread 0.0.1 (registry+https://github.com/rust-lang/crates.io-index)",
 "scan 0.5.3 (git+https://github.com/DanielKeep/rust-scan.git)",
 "scan_util 0.5.4 (git+https://github.com/DanielKeep/rust-scan-util.git)",
]

[[package]]
name = "bread"
version = "0.0.1"
source = "registry+https://github.com/rust-lang/crates.io-index"

[[package]]
name = "scan"
version = "0.5.3"
source = "git+https://github.com/DanielKeep/rust-scan.git#12eb7dde4fc884540efb6948f716ccc311bd6899"
dependencies = [
 "scan_util 0.5.4 (git+https://github.com/DanielKeep/rust-scan-util.git)",
]

[[package]]
name = "scan_util"
version = "0.5.4"
source = "git+https://github.com/DanielKeep/rust-scan-util.git#8d344e05b392644170117b1d2f4da6f72cc35623"

